
Microsoft Visual Studio Solution File, Format Version 12.00
# Visual Studio 2015
Project("{FAE04EC0-301F-11D3-BF4B-00C04F79EFBC}") = "Translucid", "Translucid.csproj", "{F69CA566-81FC-9727-682C-94226916147D}"
EndProject
Project("{FAE04EC0-301F-11D3-BF4B-00C04F79EFBC}") = "Translucid.Editor", "Translucid.Editor.csproj", "{2EC52DE7-3823-62BD-416B-BF9F77A7D1A7}"
EndProject
Global
	GlobalSection(SolutionConfigurationPlatforms) = preSolution
		Debug|Any CPU = Debug|Any CPU
		Release|Any CPU = Release|Any CPU
	EndGlobalSection
	GlobalSection(ProjectConfigurationPlatforms) = postSolution
		{F69CA566-81FC-9727-682C-94226916147D}.Debug|Any CPU.ActiveCfg = Debug|Any CPU
		{F69CA566-81FC-9727-682C-94226916147D}.Debug|Any CPU.Build.0 = Debug|Any CPU
		{F69CA566-81FC-9727-682C-94226916147D}.Release|Any CPU.ActiveCfg = Release|Any CPU
		{F69CA566-81FC-9727-682C-94226916147D}.Release|Any CPU.Build.0 = Release|Any CPU
		{2EC52DE7-3823-62BD-416B-BF9F77A7D1A7}.Debug|Any CPU.ActiveCfg = Debug|Any CPU
		{2EC52DE7-3823-62BD-416B-BF9F77A7D1A7}.Debug|Any CPU.Build.0 = Debug|Any CPU
		{2EC52DE7-3823-62BD-416B-BF9F77A7D1A7}.Release|Any CPU.ActiveCfg = Release|Any CPU
		{2EC52DE7-3823-62BD-416B-BF9F77A7D1A7}.Release|Any CPU.Build.0 = Release|Any CPU
	EndGlobalSection
	GlobalSection(SolutionProperties) = preSolution
		HideSolutionNode = FALSE
	EndGlobalSection
EndGlobal
